
Microsoft Visual Studio Solution File, Format Version 12.00
# Visual Studio Version 17
VisualStudioVersion = 17.11.35222.181
MinimumVisualStudioVersion = 10.0.40219.1
Project("{9A19103F-16F7-4668-BE54-9A1E7A4F7556}") = "GoodsManager.DBModels", "GoodsManager.DBModels\GoodsManager.DBModels.csproj", "{1CBAFA7E-10DB-4BDF-907E-4F78D085F6C3}"
EndProject
Project("{9A19103F-16F7-4668-BE54-9A1E7A4F7556}") = "GoodsManager.UIModels", "GoodsManager.UIModels\GoodsManager.UIModels.csproj", "{D2DE976C-A6A3-44DF-BBE2-F923C0137A33}"
EndProject
Project("{9A19103F-16F7-4668-BE54-9A1E7A4F7556}") = "GoodsManager.Services", "GoodsManager.Services\GoodsManager.Services.csproj", "{C83BB123-00B7-4E83-A2A3-3042705AC21A}"
EndProject
Project("{9A19103F-16F7-4668-BE54-9A1E7A4F7556}") = "GoodsManager.ConsoleApp", "GoodsManager.ConsoleApp\GoodsManager.ConsoleApp.csproj", "{CCF6C15A-80E1-48BB-9E21-FB09C44D28B4}"
EndProject
Project("{9A19103F-16F7-4668-BE54-9A1E7A4F7556}") = "GoodsManager.Common", "GoodsManager.Common\GoodsManager.Common.csproj", "{6F00C21E-FCD8-4244-9B90-FCD7CA9875D1}"
EndProject
Project("{FAE04EC0-301F-11D3-BF4B-00C04F79EFBC}") = "GoodsManager", "GoodsManager\GoodsManager.csproj", "{8B076B66-F0A6-4BB3-B971-7924FCBB8128}"
EndProject
Global
	GlobalSection(SolutionConfigurationPlatforms) = preSolution
		Debug|Any CPU = Debug|Any CPU
		Release|Any CPU = Release|Any CPU
	EndGlobalSection
	GlobalSection(ProjectConfigurationPlatforms) = postSolution
		{1CBAFA7E-10DB-4BDF-907E-4F78D085F6C3}.Debug|Any CPU.ActiveCfg = Debug|Any CPU
		{1CBAFA7E-10DB-4BDF-907E-4F78D085F6C3}.Debug|Any CPU.Build.0 = Debug|Any CPU
		{1CBAFA7E-10DB-4BDF-907E-4F78D085F6C3}.Release|Any CPU.ActiveCfg = Release|Any CPU
		{1CBAFA7E-10DB-4BDF-907E-4F78D085F6C3}.Release|Any CPU.Build.0 = Release|Any CPU
		{D2DE976C-A6A3-44DF-BBE2-F923C0137A33}.Debug|Any CPU.ActiveCfg = Debug|Any CPU
		{D2DE976C-A6A3-44DF-BBE2-F923C0137A33}.Debug|Any CPU.Build.0 = Debug|Any CPU
		{D2DE976C-A6A3-44DF-BBE2-F923C0137A33}.Release|Any CPU.ActiveCfg = Release|Any CPU
		{D2DE976C-A6A3-44DF-BBE2-F923C0137A33}.Release|Any CPU.Build.0 = Release|Any CPU
		{C83BB123-00B7-4E83-A2A3-3042705AC21A}.Debug|Any CPU.ActiveCfg = Debug|Any CPU
		{C83BB123-00B7-4E83-A2A3-3042705AC21A}.Debug|Any CPU.Build.0 = Debug|Any CPU
		{C83BB123-00B7-4E83-A2A3-3042705AC21A}.Release|Any CPU.ActiveCfg = Release|Any CPU
		{C83BB123-00B7-4E83-A2A3-3042705AC21A}.Release|Any CPU.Build.0 = Release|Any CPU
		{CCF6C15A-80E1-48BB-9E21-FB09C44D28B4}.Debug|Any CPU.ActiveCfg = Debug|Any CPU
		{CCF6C15A-80E1-48BB-9E21-FB09C44D28B4}.Debug|Any CPU.Build.0 = Debug|Any CPU
		{CCF6C15A-80E1-48BB-9E21-FB09C44D28B4}.Release|Any CPU.ActiveCfg = Release|Any CPU
		{CCF6C15A-80E1-48BB-9E21-FB09C44D28B4}.Release|Any CPU.Build.0 = Release|Any CPU
		{6F00C21E-FCD8-4244-9B90-FCD7CA9875D1}.Debug|Any CPU.ActiveCfg = Debug|Any CPU
		{6F00C21E-FCD8-4244-9B90-FCD7CA9875D1}.Debug|Any CPU.Build.0 = Debug|Any CPU
		{6F00C21E-FCD8-4244-9B90-FCD7CA9875D1}.Release|Any CPU.ActiveCfg = Release|Any CPU
		{6F00C21E-FCD8-4244-9B90-FCD7CA9875D1}.Release|Any CPU.Build.0 = Release|Any CPU
		{8B076B66-F0A6-4BB3-B971-7924FCBB8128}.Debug|Any CPU.ActiveCfg = Debug|Any CPU
		{8B076B66-F0A6-4BB3-B971-7924FCBB8128}.Debug|Any CPU.Build.0 = Debug|Any CPU
		{8B076B66-F0A6-4BB3-B971-7924FCBB8128}.Debug|Any CPU.Deploy.0 = Debug|Any CPU
		{8B076B66-F0A6-4BB3-B971-7924FCBB8128}.Release|Any CPU.ActiveCfg = Release|Any CPU
		{8B076B66-F0A6-4BB3-B971-7924FCBB8128}.Release|Any CPU.Build.0 = Release|Any CPU
		{8B076B66-F0A6-4BB3-B971-7924FCBB8128}.Release|Any CPU.Deploy.0 = Release|Any CPU
	EndGlobalSection
	GlobalSection(SolutionProperties) = preSolution
		HideSolutionNode = FALSE
	EndGlobalSection
	GlobalSection(ExtensibilityGlobals) = postSolution
		SolutionGuid = {749C1E4E-C5EE-4756-A98C-79DFCAC7E0AD}
	EndGlobalSection
EndGlobal
